// !$*UTF8*$!
{
	archiveVersion = 1;
	classes = {
	};
	objectVersion = 48;
	objects = {

/* Begin PBXBuildFile section */
		FDBC04E9209AD74E00F176DE /* AppDelegate.swift in Sources */ = {isa = PBXBuildFile; fileRef = FDBC04E8209AD74E00F176DE /* AppDelegate.swift */; };
		FDBC04EB209AD74E00F176DE /* ViewController.swift in Sources */ = {isa = PBXBuildFile; fileRef = FDBC04EA209AD74E00F176DE /* ViewController.swift */; };
		FDBC04EE209AD74E00F176DE /* Main.storyboard in Resources */ = {isa = PBXBuildFile; fileRef = FDBC04EC209AD74E00F176DE /* Main.storyboard */; };
		FDBC04F0209AD74E00F176DE /* Assets.xcassets in Resources */ = {isa = PBXBuildFile; fileRef = FDBC04EF209AD74E00F176DE /* Assets.xcassets */; };
		FDBC04F3209AD74E00F176DE /* LaunchScreen.storyboard in Resources */ = {isa = PBXBuildFile; fileRef = FDBC04F1209AD74E00F176DE /* LaunchScreen.storyboard */; };
		FDBC04FB209AE4DF00F176DE /* 1.jpg in Resources */ = {isa = PBXBuildFile; fileRef = FDBC04FA209AE4DF00F176DE /* 1.jpg */; };
		FDBC04FD209AE9EE00F176DE /* 2.jpg in Resources */ = {isa = PBXBuildFile; fileRef = FDBC04FC209AE9EE00F176DE /* 2.jpg */; };
		FDBC04FF209AE9F200F176DE /* 3.jpg in Resources */ = {isa = PBXBuildFile; fileRef = FDBC04FE209AE9F200F176DE /* 3.jpg */; };
/* End PBXBuildFile section */

/* Begin PBXFileReference section */
		FDBC04E5209AD74E00F176DE /* Simple TableView.app */ = {isa = PBXFileReference; explicitFileType = wrapper.application; includeInIndex = 0; path = "Simple TableView.app"; sourceTree = BUILT_PRODUCTS_DIR; };
		FDBC04E8209AD74E00F176DE /* AppDelegate.swift */ = {isa = PBXFileReference; lastKnownFileType = sourcecode.swift; path = AppDelegate.swift; sourceTree = "<group>"; };
		FDBC04EA209AD74E00F176DE /* ViewController.swift */ = {isa = PBXFileReference; lastKnownFileType = sourcecode.swift; path = ViewController.swift; sourceTree = "<group>"; };
		FDBC04ED209AD74E00F176DE /* Base */ = {isa = PBXFileReference; lastKnownFileType = file.storyboard; name = Base; path = Base.lproj/Main.storyboard; sourceTree = "<group>"; };
		FDBC04EF209AD74E00F176DE /* Assets.xcassets */ = {isa = PBXFileReference; lastKnownFileType = folder.assetcatalog; path = Assets.xcassets; sourceTree = "<group>"; };
		FDBC04F2209AD74E00F176DE /* Base */ = {isa = PBXFileReference; lastKnownFileType = file.storyboard; name = Base; path = Base.lproj/LaunchScreen.storyboard; sourceTree = "<group>"; };
		FDBC04F4209AD74E00F176DE /* Info.plist */ = {isa = PBXFileReference; lastKnownFileType = text.plist.xml; path = Info.plist; sourceTree = "<group>"; };
		FDBC04FA209AE4DF00F176DE /* 1.jpg */ = {isa = PBXFileReference; lastKnownFileType = image.jpeg; path = 1.jpg; sourceTree = "<group>"; };
		FDBC04FC209AE9EE00F176DE /* 2.jpg */ = {isa = PBXFileReference; lastKnownFileType = image.jpeg; path = 2.jpg; sourceTree = "<group>"; };
		FDBC04FE209AE9F200F176DE /* 3.jpg */ = {isa = PBXFileReference; lastKnownFileType = image.jpeg; path = 3.jpg; sourceTree = "<group>"; };
/* End PBXFileReference section */

/* Begin PBXFrameworksBuildPhase section */
		FDBC04E2209AD74E00F176DE /* Frameworks */ = {
			isa = PBXFrameworksBuildPhase;
			buildActionMask = 2147483647;
			files = (
			);
			runOnlyForDeploymentPostprocessing = 0;
		};
/* End PBXFrameworksBuildPhase section */

/* Begin PBXGroup section */
		FDBC04DC209AD74E00F176DE = {
			isa = PBXGroup;
			children = (
				FDBC04E7209AD74E00F176DE /* Simple TableView */,
				FDBC04E6209AD74E00F176DE /* Products */,
			);
			sourceTree = "<group>";
		};
		FDBC04E6209AD74E00F176DE /* Products */ = {
			isa = PBXGroup;
			children = (
				FDBC04E5209AD74E00F176DE /* Simple TableView.app */,
			);
			name = Products;
			sourceTree = "<group>";
		};
		FDBC04E7209AD74E00F176DE /* Simple TableView */ = {
			isa = PBXGroup;
			children = (
				FDBC04FA209AE4DF00F176DE /* 1.jpg */,
				FDBC04FC209AE9EE00F176DE /* 2.jpg */,
				FDBC04FE209AE9F200F176DE /* 3.jpg */,
				FDBC04E8209AD74E00F176DE /* AppDelegate.swift */,
				FDBC04EA209AD74E00F176DE /* ViewController.swift */,
				FDBC04EC209AD74E00F176DE /* Main.storyboard */,
				FDBC04EF209AD74E00F176DE /* Assets.xcassets */,
				FDBC04F1209AD74E00F176DE /* LaunchScreen.storyboard */,
				FDBC04F4209AD74E00F176DE /* Info.plist */,
			);
			path = "Simple TableView";
			sourceTree = "<group>";
		};
/* End PBXGroup section */

/* Begin PBXNativeTarget section */
		FDBC04E4209AD74E00F176DE /* Simple TableView */ = {
			isa = PBXNativeTarget;
			buildConfigurationList = FDBC04F7209AD74E00F176DE /* Build configuration list for PBXNativeTarget "Simple TableView" */;
			buildPhases = (
				FDBC04E1209AD74E00F176DE /* Sources */,
				FDBC04E2209AD74E00F176DE /* Frameworks */,
				FDBC04E3209AD74E00F176DE /* Resources */,
			);
			buildRules = (
			);
			dependencies = (
			);
			name = "Simple TableView";
			productName = "Simple TableView";
			productReference = FDBC04E5209AD74E00F176DE /* Simple TableView.app */;
			productType = "com.apple.product-type.application";
		};
/* End PBXNativeTarget section */

/* Begin PBXProject section */
		FDBC04DD209AD74E00F176DE /* Project object */ = {
			isa = PBXProject;
			attributes = {
				LastSwiftUpdateCheck = 0920;
				LastUpgradeCheck = 0920;
				ORGANIZATIONNAME = D7703_23;
				TargetAttributes = {
					FDBC04E4209AD74E00F176DE = {
						CreatedOnToolsVersion = 9.2;
						ProvisioningStyle = Automatic;
					};
				};
			};
			buildConfigurationList = FDBC04E0209AD74E00F176DE /* Build configuration list for PBXProject "Simple TableView" */;
			compatibilityVersion = "Xcode 8.0";
			developmentRegion = en;
			hasScannedForEncodings = 0;
			knownRegions = (
				en,
				Base,
			);
			mainGroup = FDBC04DC209AD74E00F176DE;
			productRefGroup = FDBC04E6209AD74E00F176DE /* Products */;
			projectDirPath = "";
			projectRoot = "";
			targets = (
				FDBC04E4209AD74E00F176DE /* Simple TableView */,
			);
		};
/* End PBXProject section */

/* Begin PBXResourcesBuildPhase section */
		FDBC04E3209AD74E00F176DE /* Resources */ = {
			isa = PBXResourcesBuildPhase;
			buildActionMask = 2147483647;
			files = (
				FDBC04F3209AD74E00F176DE /* LaunchScreen.storyboard in Resources */,
				FDBC04FB209AE4DF00F176DE /* 1.jpg in Resources */,
				FDBC04FD209AE9EE00F176DE /* 2.jpg in Resources */,
				FDBC04FF209AE9F200F176DE /* 3.jpg in Resources */,
				FDBC04F0209AD74E00F176DE /* Assets.xcassets in Resources */,
				FDBC04EE209AD74E00F176DE /* Main.storyboard in Resources */,
			);
			runOnlyForDeploymentPostprocessing = 0;
		};
/* End PBXResourcesBuildPhase section */

/* Begin PBXSourcesBuildPhase section */
		FDBC04E1209AD74E00F176DE /* Sources */ = {
			isa = PBXSourcesBuildPhase;
			buildActionMask = 2147483647;
			files = (
				FDBC04EB209AD74E00F176DE /* ViewController.swift in Sources */,
				FDBC04E9209AD74E00F176DE /* AppDelegate.swift in Sources */,
			);
			runOnlyForDeploymentPostprocessing = 0;
		};
/* End PBXSourcesBuildPhase section */

/* Begin PBXVariantGroup section */
		FDBC04EC209AD74E00F176DE /* Main.storyboard */ = {
			isa = PBXVariantGroup;
			children = (
				FDBC04ED209AD74E00F176DE /* Base */,
			);
			name = Main.storyboard;
			sourceTree = "<group>";
		};
		FDBC04F1209AD74E00F176DE /* LaunchScreen.storyboard */ = {
			isa = PBXVariantGroup;
			children = (
				FDBC04F2209AD74E00F176DE /* Base */,
			);
			name = LaunchScreen.storyboard;
			sourceTree = "<group>";
		};
/* End PBXVariantGroup section */

/* Begin XCBuildConfiguration section */
		FDBC04F5209AD74E00F176DE /* Debug */ = {
			isa = XCBuildConfiguration;
			buildSettings = {
				ALWAYS_SEARCH_USER_PATHS = NO;
				CLANG_ANALYZER_NONNULL = YES;
				CLANG_ANALYZER_NUMBER_OBJECT_CONVERSION = YES_AGGRESSIVE;
				CLANG_CXX_LANGUAGE_STANDARD = "gnu++14";
				CLANG_CXX_LIBRARY = "libc++";
				CLANG_ENABLE_MODULES = YES;
				CLANG_ENABLE_OBJC_ARC = YES;
				CLANG_WARN_BLOCK_CAPTURE_AUTORELEASING = YES;
				CLANG_WARN_BOOL_CONVERSION = YES;
				CLANG_WARN_COMMA = YES;
				CLANG_WARN_CONSTANT_CONVERSION = YES;
				CLANG_WARN_DIRECT_OBJC_ISA_USAGE = YES_ERROR;
				CLANG_WARN_DOCUMENTATION_COMMENTS = YES;
				CLANG_WARN_EMPTY_BODY = YES;
				CLANG_WARN_ENUM_CONVERSION = YES;
				CLANG_WARN_INFINITE_RECURSION = YES;
				CLANG_WARN_INT_CONVERSION = YES;
				CLANG_WARN_NON_LITERAL_NULL_CONVERSION = YES;
				CLANG_WARN_OBJC_LITERAL_CONVERSION = YES;
				CLANG_WARN_OBJC_ROOT_CLASS = YES_ERROR;
				CLANG_WARN_RANGE_LOOP_ANALYSIS = YES;
				CLANG_WARN_STRICT_PROTOTYPES = YES;
				CLANG_WARN_SUSPICIOUS_MOVE = YES;
				CLANG_WARN_UNGUARDED_AVAILABILITY = YES_AGGRESSIVE;
				CLANG_WARN_UNREACHABLE_CODE = YES;
				CLANG_WARN__DUPLICATE_METHOD_MATCH = YES;
				CODE_SIGN_IDENTITY = "iPhone Developer";
				COPY_PHASE_STRIP = NO;
				DEBUG_INFORMATION_FORMAT = dwarf;
				ENABLE_STRICT_OBJC_MSGSEND = YES;
				ENABLE_TESTABILITY = YES;
				GCC_C_LANGUAGE_STANDARD = gnu11;
				GCC_DYNAMIC_NO_PIC = NO;
				GCC_NO_COMMON_BLOCKS = YES;
				GCC_OPTIMIZATION_LEVEL = 0;
				GCC_PREPROCESSOR_DEFINITIONS = (
					"DEBUG=1",
					"$(inherited)",
				);
				GCC_WARN_64_TO_32_BIT_CONVERSION = YES;
				GCC_WARN_ABOUT_RETURN_TYPE = YES_ERROR;
				GCC_WARN_UNDECLARED_SELECTOR = YES;
				GCC_WARN_UNINITIALIZED_AUTOS = YES_AGGRESSIVE;
				GCC_WARN_UNUSED_FUNCTION = YES;
				GCC_WARN_UNUSED_VARIABLE = YES;
				IPHONEOS_DEPLOYMENT_TARGET = 11.2;
				MTL_ENABLE_DEBUG_INFO = YES;
				ONLY_ACTIVE_ARCH = YES;
				SDKROOT = iphoneos;
				SWIFT_ACTIVE_COMPILATION_CONDITIONS = DEBUG;
				SWIFT_OPTIMIZATION_LEVEL = "-Onone";
			};
			name = Debug;
		};
		FDBC04F6209AD74E00F176DE /* Release */ = {
			isa = XCBuildConfiguration;
			buildSettings = {
				ALWAYS_SEARCH_USER_PATHS = NO;
				CLANG_ANALYZER_NONNULL = YES;
				CLANG_ANALYZER_NUMBER_OBJECT_CONVERSION = YES_AGGRESSIVE;
				CLANG_CXX_LANGUAGE_STANDARD = "gnu++14";
				CLANG_CXX_LIBRARY = "libc++";
				CLANG_ENABLE_MODULES = YES;
				CLANG_ENABLE_OBJC_ARC = YES;
				CLANG_WARN_BLOCK_CAPTURE_AUTORELEASING = YES;
				CLANG_WARN_BOOL_CONVERSION = YES;
				CLANG_WARN_COMMA = YES;
				CLANG_WARN_CONSTANT_CONVERSION = YES;
				CLANG_WARN_DIRECT_OBJC_ISA_USAGE = YES_ERROR;
				CLANG_WARN_DOCUMENTATION_COMMENTS = YES;
				CLANG_WARN_EMPTY_BODY = YES;
				CLANG_WARN_ENUM_CONVERSION = YES;
				CLANG_WARN_INFINITE_RECURSION = YES;
				CLANG_WARN_INT_CONVERSION = YES;
				CLANG_WARN_NON_LITERAL_NULL_CONVERSION = YES;
				CLANG_WARN_OBJC_LITERAL_CONVERSION = YES;
				CLANG_WARN_OBJC_ROOT_CLASS = YES_ERROR;
				CLANG_WARN_RANGE_LOOP_ANALYSIS = YES;
				CLANG_WARN_STRICT_PROTOTYPES = YES;
				CLANG_WARN_SUSPICIOUS_MOVE = YES;
				CLANG_WARN_UNGUARDED_AVAILABILITY = YES_AGGRESSIVE;
				CLANG_WARN_UNREACHABLE_CODE = YES;
				CLANG_WARN__DUPLICATE_METHOD_MATCH = YES;
				CODE_SIGN_IDENTITY = "iPhone Developer";
				COPY_PHASE_STRIP = NO;
				DEBUG_INFORMATION_FORMAT = "dwarf-with-dsym";
				ENABLE_NS_ASSERTIONS = NO;
				ENABLE_STRICT_OBJC_MSGSEND = YES;
				GCC_C_LANGUAGE_STANDARD = gnu11;
				GCC_NO_COMMON_BLOCKS = YES;
				GCC_WARN_64_TO_32_BIT_CONVERSION = YES;
				GCC_WARN_ABOUT_RETURN_TYPE = YES_ERROR;
				GCC_WARN_UNDECLARED_SELECTOR = YES;
				GCC_WARN_UNINITIALIZED_AUTOS = YES_AGGRESSIVE;
				GCC_WARN_UNUSED_FUNCTION = YES;
				GCC_WARN_UNUSED_VARIABLE = YES;
				IPHONEOS_DEPLOYMENT_TARGET = 11.2;
				MTL_ENABLE_DEBUG_INFO = NO;
				SDKROOT = iphoneos;
				SWIFT_OPTIMIZATION_LEVEL = "-Owholemodule";
				VALIDATE_PRODUCT = YES;
			};
			name = Release;
		};
		FDBC04F8209AD74E00F176DE /* Debug */ = {
			isa = XCBuildConfiguration;
			buildSettings = {
				ASSETCATALOG_COMPILER_APPICON_NAME = AppIcon;
				CODE_SIGN_STYLE = Automatic;
				INFOPLIST_FILE = "Simple TableView/Info.plist";
				LD_RUNPATH_SEARCH_PATHS = "$(inherited) @executable_path/Frameworks";
				PRODUCT_BUNDLE_IDENTIFIER = "dit.ac.kr.Simple-TableView";
				PRODUCT_NAME = "$(TARGET_NAME)";
				SWIFT_VERSION = 4.0;
				TARGETED_DEVICE_FAMILY = "1,2";
			};
			name = Debug;
		};
		FDBC04F9209AD74E00F176DE /* Release */ = {
			isa = XCBuildConfiguration;
			buildSettings = {
				ASSETCATALOG_COMPILER_APPICON_NAME = AppIcon;
				CODE_SIGN_STYLE = Automatic;
				INFOPLIST_FILE = "Simple TableView/Info.plist";
				LD_RUNPATH_SEARCH_PATHS = "$(inherited) @executable_path/Frameworks";
				PRODUCT_BUNDLE_IDENTIFIER = "dit.ac.kr.Simple-TableView";
				PRODUCT_NAME = "$(TARGET_NAME)";
				SWIFT_VERSION = 4.0;
				TARGETED_DEVICE_FAMILY = "1,2";
			};
			name = Release;
		};
/* End XCBuildConfiguration section */

/* Begin XCConfigurationList section */
		FDBC04E0209AD74E00F176DE /* Build configuration list for PBXProject "Simple TableView" */ = {
			isa = XCConfigurationList;
			buildConfigurations = (
				FDBC04F5209AD74E00F176DE /* Debug */,
				FDBC04F6209AD74E00F176DE /* Release */,
			);
			defaultConfigurationIsVisible = 0;
			defaultConfigurationName = Release;
		};
		FDBC04F7209AD74E00F176DE /* Build configuration list for PBXNativeTarget "Simple TableView" */ = {
			isa = XCConfigurationList;
			buildConfigurations = (
				FDBC04F8209AD74E00F176DE /* Debug */,
				FDBC04F9209AD74E00F176DE /* Release */,
			);
			defaultConfigurationIsVisible = 0;
			defaultConfigurationName = Release;
		};
/* End XCConfigurationList section */
	};
	rootObject = FDBC04DD209AD74E00F176DE /* Project object */;
}
